
Microsoft Visual Studio Solution File, Format Version 11.00
# Visual Studio 2010
Project("{FAE04EC0-301F-11D3-BF4B-00C04F79EFBC}") = "THE ADVENTURES OF NIKO B", "Assembly-CSharp.csproj", "{9108480F-DE4A-C67C-2D61-3585C2DD5940}"
EndProject
Global
	GlobalSection(SolutionConfigurationPlatforms) = preSolution
		Debug|Any CPU = Debug|Any CPU
		Release|Any CPU = Release|Any CPU
	EndGlobalSection
	GlobalSection(ProjectConfigurationPlatforms) = postSolution
		{9108480F-DE4A-C67C-2D61-3585C2DD5940}.Debug|Any CPU.ActiveCfg = Debug|Any CPU
		{9108480F-DE4A-C67C-2D61-3585C2DD5940}.Debug|Any CPU.Build.0 = Debug|Any CPU
		{9108480F-DE4A-C67C-2D61-3585C2DD5940}.Release|Any CPU.ActiveCfg = Release|Any CPU
		{9108480F-DE4A-C67C-2D61-3585C2DD5940}.Release|Any CPU.Build.0 = Release|Any CPU
	EndGlobalSection
	GlobalSection(SolutionProperties) = preSolution
		HideSolutionNode = FALSE
	EndGlobalSection
	GlobalSection(MonoDevelopProperties) = preSolution
		StartupItem = Assembly-CSharp.csproj
	EndGlobalSection
EndGlobal
